# This file is generated by running "yarn install" inside your project.
# Manual changes might be lost - proceed with caution!

__metadata:
  version: 8
  cacheKey: 10c0

"@axe-core/playwright@npm:^4.11.0":
  version: 4.13.0
  resolution: "@axe-core/playwright@npm:4.13.0"
  dependencies:
    axe-core: "npm:~4.13.0"
  peerDependencies:
    playwright-core: ">= 1.0.0"
  checksum: 10c0/0938f24f3955bfa11c77c326300646a4f1dcd513389320ace9985d68486a622c443b2a34cd86f6002f617a3395623ad1e99a622450830873166aaa7e0312aa68
  languageName: node
  linkType: hard

"@playwright/test@npm:1.63.0":
  version: 1.63.0
  resolution: "@playwright/test@npm:1.63.0"
  dependencies:
    playwright: "npm:1.63.0"
  bin:
    playwright: cli.js
  checksum: 10c0/795cd06c2eb6cb6142e72792f4df8f97665aa8c551c16278a7f2b3f31664e0cff07ed3c066490da55daf2fe51bc18e9c1ec6cba05b2c37387a0c49ad63017db8
  languageName: node
  linkType: hard

"@types/node@npm:^22.10.0":
  version: 22.20.4
  resolution: "@types/node@npm:22.20.4"
  dependencies:
    undici-types: "npm:~6.21.0"
  checksum: 10c0/3a17e19f7b7b7a6d6c695ef8b0a34b70f84829a1539f57d338487bc3b51ddd4ca86ffbcbcc4f1307a41de83d02c1b7dfbb16e8cb6a9c3a8360b4306ccf9ead2d
  languageName: node
  linkType: hard

"axe-core@npm:~4.13.0":
  version: 4.13.0
  resolution: "axe-core@npm:4.13.0"
  checksum: 10c0/0e3be8be10eea64beddefd3007e1425424ff60c26c5f4d5f748ec48c2825356839c02ad4167fc1f03a6d84ecd82108f49fb2846ab7fe949273787391745561ca
  languageName: node
  linkType: hard

"playwright-core@npm:1.63.0":
  version: 1.63.0
  resolution: "playwright-core@npm:1.63.0"
  bin:
    playwright-core: cli.js
  checksum: 10c0/39c1ebae4029ca2e9371e00a5588d962038e24b6e0bdb7d0d27374dde04838f349b83ae0c8b3b648653d0935cba7fb9011f1201adaab9dd0db7801ad6c75e9aa
  languageName: node
  linkType: hard

"playwright@npm:1.63.0":
  version: 1.63.0
  resolution: "playwright@npm:1.63.0"
  dependencies:
    playwright-core: "npm:1.63.0"
  bin:
    playwright: cli.js
  checksum: 10c0/d1fd048a89be27c9aba6757dc4f70eff4a5163b49f439ad691767be8b2a482327d0dd1928b4f73c8fe0d8b33aab2c9dc2670424ab60f112d9e98e91b94e3b090
  languageName: node
  linkType: hard

"portfolio@workspace:.":
  version: 0.0.0-use.local
  resolution: "portfolio@workspace:."
  dependencies:
    "@axe-core/playwright": "npm:^4.11.0"
    "@playwright/test": "npm:1.63.0"
    "@types/node": "npm:^22.10.0"
  languageName: unknown
  linkType: soft

"undici-types@npm:~6.21.0":
  version: 6.21.0
  resolution: "undici-types@npm:6.21.0"
  checksum: 10c0/c01ed51829b10aa72fc3ce64b747f8e74ae9b60eafa19a7b46ef624403508a54c526ffab06a14a26b3120d055e1104d7abe7c9017e83ced038ea5cf52f8d5e04
  languageName: node
  linkType: hard
